
Microsoft Visual Studio Solution File, Format Version 12.00
# Visual Studio Version 16
VisualStudioVersion = 16.0.30225.117
MinimumVisualStudioVersion = 10.0.40219.1
Project("{FAE04EC0-301F-11D3-BF4B-00C04F79EFBC}") = "renameFiles", "renameFiles\renameFiles.csproj", "{F0F7F688-3BFB-4051-9296-404299E0FB14}"
EndProject
Global
	GlobalSection(SolutionConfigurationPlatforms) = preSolution
		Debug|Any CPU = Debug|Any CPU
		Release|Any CPU = Release|Any CPU
	EndGlobalSection
	GlobalSection(ProjectConfigurationPlatforms) = postSolution
		{F0F7F688-3BFB-4051-9296-404299E0FB14}.Debug|Any CPU.ActiveCfg = Debug|Any CPU
		{F0F7F688-3BFB-4051-9296-404299E0FB14}.Debug|Any CPU.Build.0 = Debug|Any CPU
		{F0F7F688-3BFB-4051-9296-404299E0FB14}.Release|Any CPU.ActiveCfg = Release|Any CPU
		{F0F7F688-3BFB-4051-9296-404299E0FB14}.Release|Any CPU.Build.0 = Release|Any CPU
	EndGlobalSection
	GlobalSection(SolutionProperties) = preSolution
		HideSolutionNode = FALSE
	EndGlobalSection
	GlobalSection(ExtensibilityGlobals) = postSolution
		SolutionGuid = {152172C1-032A-40E2-BFC2-C4CAE53D7C5B}
	EndGlobalSection
EndGlobal
